
Microsoft Visual Studio Solution File, Format Version 12.00
# Visual Studio 14
VisualStudioVersion = 14.0.24720.0
MinimumVisualStudioVersion = 10.0.40219.1
Project("{FAE04EC0-301F-11D3-BF4B-00C04F79EFBC}") = "DotGather", "DotGather\DotGather.csproj", "{2BE514BF-C251-41E3-BBA4-4A782E2E5004}"
EndProject
Project("{FAE04EC0-301F-11D3-BF4B-00C04F79EFBC}") = "DotGather.Test", "DotGather.Test\DotGather.Test.csproj", "{A4396AA5-2127-40F5-BD20-EFEEF7EC80D0}"
EndProject
Global
	GlobalSection(SolutionConfigurationPlatforms) = preSolution
		Debug|Any CPU = Debug|Any CPU
		Nuget|Any CPU = Nuget|Any CPU
		Release|Any CPU = Release|Any CPU
	EndGlobalSection
	GlobalSection(ProjectConfigurationPlatforms) = postSolution
		{2BE514BF-C251-41E3-BBA4-4A782E2E5004}.Debug|Any CPU.ActiveCfg = Debug|Any CPU
		{2BE514BF-C251-41E3-BBA4-4A782E2E5004}.Debug|Any CPU.Build.0 = Debug|Any CPU
		{2BE514BF-C251-41E3-BBA4-4A782E2E5004}.Nuget|Any CPU.ActiveCfg = Nuget|Any CPU
		{2BE514BF-C251-41E3-BBA4-4A782E2E5004}.Nuget|Any CPU.Build.0 = Nuget|Any CPU
		{2BE514BF-C251-41E3-BBA4-4A782E2E5004}.Release|Any CPU.ActiveCfg = Release|Any CPU
		{2BE514BF-C251-41E3-BBA4-4A782E2E5004}.Release|Any CPU.Build.0 = Release|Any CPU
		{A4396AA5-2127-40F5-BD20-EFEEF7EC80D0}.Debug|Any CPU.ActiveCfg = Debug|Any CPU
		{A4396AA5-2127-40F5-BD20-EFEEF7EC80D0}.Debug|Any CPU.Build.0 = Debug|Any CPU
		{A4396AA5-2127-40F5-BD20-EFEEF7EC80D0}.Nuget|Any CPU.ActiveCfg = Release|Any CPU
		{A4396AA5-2127-40F5-BD20-EFEEF7EC80D0}.Nuget|Any CPU.Build.0 = Release|Any CPU
		{A4396AA5-2127-40F5-BD20-EFEEF7EC80D0}.Release|Any CPU.ActiveCfg = Release|Any CPU
		{A4396AA5-2127-40F5-BD20-EFEEF7EC80D0}.Release|Any CPU.Build.0 = Release|Any CPU
	EndGlobalSection
	GlobalSection(SolutionProperties) = preSolution
		HideSolutionNode = FALSE
	EndGlobalSection
EndGlobal
